// !$*UTF8*$!
{
	archiveVersion = 1;
	classes = {
	};
	objectVersion = 48;
	objects = {

/* Begin PBXBuildFile section */
		2479F0811FB98AAC00FDE06D /* AppDelegate.swift in Sources */ = {isa = PBXBuildFile; fileRef = 2479F0801FB98AAC00FDE06D /* AppDelegate.swift */; };
		2479F0831FB98AAC00FDE06D /* ViewController.swift in Sources */ = {isa = PBXBuildFile; fileRef = 2479F0821FB98AAC00FDE06D /* ViewController.swift */; };
		2479F0861FB98AAC00FDE06D /* Main.storyboard in Resources */ = {isa = PBXBuildFile; fileRef = 2479F0841FB98AAC00FDE06D /* Main.storyboard */; };
		2479F0881FB98AAC00FDE06D /* Assets.xcassets in Resources */ = {isa = PBXBuildFile; fileRef = 2479F0871FB98AAC00FDE06D /* Assets.xcassets */; };
		2479F08B1FB98AAC00FDE06D /* LaunchScreen.storyboard in Resources */ = {isa = PBXBuildFile; fileRef = 2479F0891FB98AAC00FDE06D /* LaunchScreen.storyboard */; };
		2479F0961FB98AAD00FDE06D /* LimitTextLengthTests.swift in Sources */ = {isa = PBXBuildFile; fileRef = 2479F0951FB98AAD00FDE06D /* LimitTextLengthTests.swift */; };
		2479F0A11FB98AAD00FDE06D /* LimitTextLengthUITests.swift in Sources */ = {isa = PBXBuildFile; fileRef = 2479F0A01FB98AAD00FDE06D /* LimitTextLengthUITests.swift */; };
/* End PBXBuildFile section */

/* Begin PBXContainerItemProxy section */
		2479F0921FB98AAD00FDE06D /* PBXContainerItemProxy */ = {
			isa = PBXContainerItemProxy;
			containerPortal = 2479F0751FB98AAB00FDE06D /* Project object */;
			proxyType = 1;
			remoteGlobalIDString = 2479F07C1FB98AAB00FDE06D;
			remoteInfo = LimitTextLength;
		};
		2479F09D1FB98AAD00FDE06D /* PBXContainerItemProxy */ = {
			isa = PBXContainerItemProxy;
			containerPortal = 2479F0751FB98AAB00FDE06D /* Project object */;
			proxyType = 1;
			remoteGlobalIDString = 2479F07C1FB98AAB00FDE06D;
			remoteInfo = LimitTextLength;
		};
/* End PBXContainerItemProxy section */

/* Begin PBXFileReference section */
		2479F07D1FB98AAC00FDE06D /* LimitTextLength.app */ = {isa = PBXFileReference; explicitFileType = wrapper.application; includeInIndex = 0; path = LimitTextLength.app; sourceTree = BUILT_PRODUCTS_DIR; };
		2479F0801FB98AAC00FDE06D /* AppDelegate.swift */ = {isa = PBXFileReference; lastKnownFileType = sourcecode.swift; path = AppDelegate.swift; sourceTree = "<group>"; };
		2479F0821FB98AAC00FDE06D /* ViewController.swift */ = {isa = PBXFileReference; lastKnownFileType = sourcecode.swift; path = ViewController.swift; sourceTree = "<group>"; };
		2479F0851FB98AAC00FDE06D /* Base */ = {isa = PBXFileReference; lastKnownFileType = file.storyboard; name = Base; path = Base.lproj/Main.storyboard; sourceTree = "<group>"; };
		2479F0871FB98AAC00FDE06D /* Assets.xcassets */ = {isa = PBXFileReference; lastKnownFileType = folder.assetcatalog; path = Assets.xcassets; sourceTree = "<group>"; };
		2479F08A1FB98AAC00FDE06D /* Base */ = {isa = PBXFileReference; lastKnownFileType = file.storyboard; name = Base; path = Base.lproj/LaunchScreen.storyboard; sourceTree = "<group>"; };
		2479F08C1FB98AAD00FDE06D /* Info.plist */ = {isa = PBXFileReference; lastKnownFileType = text.plist.xml; path = Info.plist; sourceTree = "<group>"; };
		2479F0911FB98AAD00FDE06D /* LimitTextLengthTests.xctest */ = {isa = PBXFileReference; explicitFileType = wrapper.cfbundle; includeInIndex = 0; path = LimitTextLengthTests.xctest; sourceTree = BUILT_PRODUCTS_DIR; };
		2479F0951FB98AAD00FDE06D /* LimitTextLengthTests.swift */ = {isa = PBXFileReference; lastKnownFileType = sourcecode.swift; path = LimitTextLengthTests.swift; sourceTree = "<group>"; };
		2479F0971FB98AAD00FDE06D /* Info.plist */ = {isa = PBXFileReference; lastKnownFileType = text.plist.xml; path = Info.plist; sourceTree = "<group>"; };
		2479F09C1FB98AAD00FDE06D /* LimitTextLengthUITests.xctest */ = {isa = PBXFileReference; explicitFileType = wrapper.cfbundle; includeInIndex = 0; path = LimitTextLengthUITests.xctest; sourceTree = BUILT_PRODUCTS_DIR; };
		2479F0A01FB98AAD00FDE06D /* LimitTextLengthUITests.swift */ = {isa = PBXFileReference; lastKnownFileType = sourcecode.swift; path = LimitTextLengthUITests.swift; sourceTree = "<group>"; };
		2479F0A21FB98AAD00FDE06D /* Info.plist */ = {isa = PBXFileReference; lastKnownFileType = text.plist.xml; path = Info.plist; sourceTree = "<group>"; };
/* End PBXFileReference section */

/* Begin PBXFrameworksBuildPhase section */
		2479F07A1FB98AAB00FDE06D /* Frameworks */ = {
			isa = PBXFrameworksBuildPhase;
			buildActionMask = 2147483647;
			files = (
			);
			runOnlyForDeploymentPostprocessing = 0;
		};
		2479F08E1FB98AAD00FDE06D /* Frameworks */ = {
			isa = PBXFrameworksBuildPhase;
			buildActionMask = 2147483647;
			files = (
			);
			runOnlyForDeploymentPostprocessing = 0;
		};
		2479F0991FB98AAD00FDE06D /* Frameworks */ = {
			isa = PBXFrameworksBuildPhase;
			buildActionMask = 2147483647;
			files = (
			);
			runOnlyForDeploymentPostprocessing = 0;
		};
/* End PBXFrameworksBuildPhase section */

/* Begin PBXGroup section */
		2479F0741FB98AAB00FDE06D = {
			isa = PBXGroup;
			children = (
				2479F07F1FB98AAC00FDE06D /* LimitTextLength */,
				2479F0941FB98AAD00FDE06D /* LimitTextLengthTests */,
				2479F09F1FB98AAD00FDE06D /* LimitTextLengthUITests */,
				2479F07E1FB98AAC00FDE06D /* Products */,
			);
			sourceTree = "<group>";
		};
		2479F07E1FB98AAC00FDE06D /* Products */ = {
			isa = PBXGroup;
			children = (
				2479F07D1FB98AAC00FDE06D /* LimitTextLength.app */,
				2479F0911FB98AAD00FDE06D /* LimitTextLengthTests.xctest */,
				2479F09C1FB98AAD00FDE06D /* LimitTextLengthUITests.xctest */,
			);
			name = Products;
			sourceTree = "<group>";
		};
		2479F07F1FB98AAC00FDE06D /* LimitTextLength */ = {
			isa = PBXGroup;
			children = (
				2479F0801FB98AAC00FDE06D /* AppDelegate.swift */,
				2479F0821FB98AAC00FDE06D /* ViewController.swift */,
				2479F0841FB98AAC00FDE06D /* Main.storyboard */,
				2479F0871FB98AAC00FDE06D /* Assets.xcassets */,
				2479F0891FB98AAC00FDE06D /* LaunchScreen.storyboard */,
				2479F08C1FB98AAD00FDE06D /* Info.plist */,
			);
			path = LimitTextLength;
			sourceTree = "<group>";
		};
		2479F0941FB98AAD00FDE06D /* LimitTextLengthTests */ = {
			isa = PBXGroup;
			children = (
				2479F0951FB98AAD00FDE06D /* LimitTextLengthTests.swift */,
				2479F0971FB98AAD00FDE06D /* Info.plist */,
			);
			path = LimitTextLengthTests;
			sourceTree = "<group>";
		};
		2479F09F1FB98AAD00FDE06D /* LimitTextLengthUITests */ = {
			isa = PBXGroup;
			children = (
				2479F0A01FB98AAD00FDE06D /* LimitTextLengthUITests.swift */,
				2479F0A21FB98AAD00FDE06D /* Info.plist */,
			);
			path = LimitTextLengthUITests;
			sourceTree = "<group>";
		};
/* End PBXGroup section */

/* Begin PBXNativeTarget section */
		2479F07C1FB98AAB00FDE06D /* LimitTextLength */ = {
			isa = PBXNativeTarget;
			buildConfigurationList = 2479F0A51FB98AAD00FDE06D /* Build configuration list for PBXNativeTarget "LimitTextLength" */;
			buildPhases = (
				2479F0791FB98AAB00FDE06D /* Sources */,
				2479F07A1FB98AAB00FDE06D /* Frameworks */,
				2479F07B1FB98AAB00FDE06D /* Resources */,
			);
			buildRules = (
			);
			dependencies = (
			);
			name = LimitTextLength;
			productName = LimitTextLength;
			productReference = 2479F07D1FB98AAC00FDE06D /* LimitTextLength.app */;
			productType = "com.apple.product-type.application";
		};
		2479F0901FB98AAD00FDE06D /* LimitTextLengthTests */ = {
			isa = PBXNativeTarget;
			buildConfigurationList = 2479F0A81FB98AAD00FDE06D /* Build configuration list for PBXNativeTarget "LimitTextLengthTests" */;
			buildPhases = (
				2479F08D1FB98AAD00FDE06D /* Sources */,
				2479F08E1FB98AAD00FDE06D /* Frameworks */,
				2479F08F1FB98AAD00FDE06D /* Resources */,
			);
			buildRules = (
			);
			dependencies = (
				2479F0931FB98AAD00FDE06D /* PBXTargetDependency */,
			);
			name = LimitTextLengthTests;
			productName = LimitTextLengthTests;
			productReference = 2479F0911FB98AAD00FDE06D /* LimitTextLengthTests.xctest */;
			productType = "com.apple.product-type.bundle.unit-test";
		};
		2479F09B1FB98AAD00FDE06D /* LimitTextLengthUITests */ = {
			isa = PBXNativeTarget;
			buildConfigurationList = 2479F0AB1FB98AAD00FDE06D /* Build configuration list for PBXNativeTarget "LimitTextLengthUITests" */;
			buildPhases = (
				2479F0981FB98AAD00FDE06D /* Sources */,
				2479F0991FB98AAD00FDE06D /* Frameworks */,
				2479F09A1FB98AAD00FDE06D /* Resources */,
			);
			buildRules = (
			);
			dependencies = (
				2479F09E1FB98AAD00FDE06D /* PBXTargetDependency */,
			);
			name = LimitTextLengthUITests;
			productName = LimitTextLengthUITests;
			productReference = 2479F09C1FB98AAD00FDE06D /* LimitTextLengthUITests.xctest */;
			productType = "com.apple.product-type.bundle.ui-testing";
		};
/* End PBXNativeTarget section */

/* Begin PBXProject section */
		2479F0751FB98AAB00FDE06D /* Project object */ = {
			isa = PBXProject;
			attributes = {
				LastSwiftUpdateCheck = 0900;
				LastUpgradeCheck = 0900;
				ORGANIZATIONNAME = iosRevisited;
				TargetAttributes = {
					2479F07C1FB98AAB00FDE06D = {
						CreatedOnToolsVersion = 9.0;
						ProvisioningStyle = Automatic;
					};
					2479F0901FB98AAD00FDE06D = {
						CreatedOnToolsVersion = 9.0;
						ProvisioningStyle = Automatic;
						TestTargetID = 2479F07C1FB98AAB00FDE06D;
					};
					2479F09B1FB98AAD00FDE06D = {
						CreatedOnToolsVersion = 9.0;
						ProvisioningStyle = Automatic;
						TestTargetID = 2479F07C1FB98AAB00FDE06D;
					};
				};
			};
			buildConfigurationList = 2479F0781FB98AAB00FDE06D /* Build configuration list for PBXProject "LimitTextLength" */;
			compatibilityVersion = "Xcode 8.0";
			developmentRegion = en;
			hasScannedForEncodings = 0;
			knownRegions = (
				en,
				Base,
			);
			mainGroup = 2479F0741FB98AAB00FDE06D;
			productRefGroup = 2479F07E1FB98AAC00FDE06D /* Products */;
			projectDirPath = "";
			projectRoot = "";
			targets = (
				2479F07C1FB98AAB00FDE06D /* LimitTextLength */,
				2479F0901FB98AAD00FDE06D /* LimitTextLengthTests */,
				2479F09B1FB98AAD00FDE06D /* LimitTextLengthUITests */,
			);
		};
/* End PBXProject section */

/* Begin PBXResourcesBuildPhase section */
		2479F07B1FB98AAB00FDE06D /* Resources */ = {
			isa = PBXResourcesBuildPhase;
			buildActionMask = 2147483647;
			files = (
				2479F08B1FB98AAC00FDE06D /* LaunchScreen.storyboard in Resources */,
				2479F0881FB98AAC00FDE06D /* Assets.xcassets in Resources */,
				2479F0861FB98AAC00FDE06D /* Main.storyboard in Resources */,
			);
			runOnlyForDeploymentPostprocessing = 0;
		};
		2479F08F1FB98AAD00FDE06D /* Resources */ = {
			isa = PBXResourcesBuildPhase;
			buildActionMask = 2147483647;
			files = (
			);
			runOnlyForDeploymentPostprocessing = 0;
		};
		2479F09A1FB98AAD00FDE06D /* Resources */ = {
			isa = PBXResourcesBuildPhase;
			buildActionMask = 2147483647;
			files = (
			);
			runOnlyForDeploymentPostprocessing = 0;
		};
/* End PBXResourcesBuildPhase section */

/* Begin PBXSourcesBuildPhase section */
		2479F0791FB98AAB00FDE06D /* Sources */ = {
			isa = PBXSourcesBuildPhase;
			buildActionMask = 2147483647;
			files = (
				2479F0831FB98AAC00FDE06D /* ViewController.swift in Sources */,
				2479F0811FB98AAC00FDE06D /* AppDelegate.swift in Sources */,
			);
			runOnlyForDeploymentPostprocessing = 0;
		};
		2479F08D1FB98AAD00FDE06D /* Sources */ = {
			isa = PBXSourcesBuildPhase;
			buildActionMask = 2147483647;
			files = (
				2479F0961FB98AAD00FDE06D /* LimitTextLengthTests.swift in Sources */,
			);
			runOnlyForDeploymentPostprocessing = 0;
		};
		2479F0981FB98AAD00FDE06D /* Sources */ = {
			isa = PBXSourcesBuildPhase;
			buildActionMask = 2147483647;
			files = (
				2479F0A11FB98AAD00FDE06D /* LimitTextLengthUITests.swift in Sources */,
			);
			runOnlyForDeploymentPostprocessing = 0;
		};
/* End PBXSourcesBuildPhase section */

/* Begin PBXTargetDependency section */
		2479F0931FB98AAD00FDE06D /* PBXTargetDependency */ = {
			isa = PBXTargetDependency;
			target = 2479F07C1FB98AAB00FDE06D /* LimitTextLength */;
			targetProxy = 2479F0921FB98AAD00FDE06D /* PBXContainerItemProxy */;
		};
		2479F09E1FB98AAD00FDE06D /* PBXTargetDependency */ = {
			isa = PBXTargetDependency;
			target = 2479F07C1FB98AAB00FDE06D /* LimitTextLength */;
			targetProxy = 2479F09D1FB98AAD00FDE06D /* PBXContainerItemProxy */;
		};
/* End PBXTargetDependency section */

/* Begin PBXVariantGroup section */
		2479F0841FB98AAC00FDE06D /* Main.storyboard */ = {
			isa = PBXVariantGroup;
			children = (
				2479F0851FB98AAC00FDE06D /* Base */,
			);
			name = Main.storyboard;
			sourceTree = "<group>";
		};
		2479F0891FB98AAC00FDE06D /* LaunchScreen.storyboard */ = {
			isa = PBXVariantGroup;
			children = (
				2479F08A1FB98AAC00FDE06D /* Base */,
			);
			name = LaunchScreen.storyboard;
			sourceTree = "<group>";
		};
/* End PBXVariantGroup section */

/* Begin XCBuildConfiguration section */
		2479F0A31FB98AAD00FDE06D /* Debug */ = {
			isa = XCBuildConfiguration;
			buildSettings = {
				ALWAYS_SEARCH_USER_PATHS = NO;
				CLANG_ANALYZER_NONNULL = YES;
				CLANG_ANALYZER_NUMBER_OBJECT_CONVERSION = YES_AGGRESSIVE;
				CLANG_CXX_LANGUAGE_STANDARD = "gnu++14";
				CLANG_CXX_LIBRARY = "libc++";
				CLANG_ENABLE_MODULES = YES;
				CLANG_ENABLE_OBJC_ARC = YES;
				CLANG_WARN_BLOCK_CAPTURE_AUTORELEASING = YES;
				CLANG_WARN_BOOL_CONVERSION = YES;
				CLANG_WARN_COMMA = YES;
				CLANG_WARN_CONSTANT_CONVERSION = YES;
				CLANG_WARN_DIRECT_OBJC_ISA_USAGE = YES_ERROR;
				CLANG_WARN_DOCUMENTATION_COMMENTS = YES;
				CLANG_WARN_EMPTY_BODY = YES;
				CLANG_WARN_ENUM_CONVERSION = YES;
				CLANG_WARN_INFINITE_RECURSION = YES;
				CLANG_WARN_INT_CONVERSION = YES;
				CLANG_WARN_NON_LITERAL_NULL_CONVERSION = YES;
				CLANG_WARN_OBJC_LITERAL_CONVERSION = YES;
				CLANG_WARN_OBJC_ROOT_CLASS = YES_ERROR;
				CLANG_WARN_RANGE_LOOP_ANALYSIS = YES;
				CLANG_WARN_STRICT_PROTOTYPES = YES;
				CLANG_WARN_SUSPICIOUS_MOVE = YES;
				CLANG_WARN_UNGUARDED_AVAILABILITY = YES_AGGRESSIVE;
				CLANG_WARN_UNREACHABLE_CODE = YES;
				CLANG_WARN__DUPLICATE_METHOD_MATCH = YES;
				CODE_SIGN_IDENTITY = "iPhone Developer";
				COPY_PHASE_STRIP = NO;
				DEBUG_INFORMATION_FORMAT = dwarf;
				ENABLE_STRICT_OBJC_MSGSEND = YES;
				ENABLE_TESTABILITY = YES;
				GCC_C_LANGUAGE_STANDARD = gnu11;
				GCC_DYNAMIC_NO_PIC = NO;
				GCC_NO_COMMON_BLOCKS = YES;
				GCC_OPTIMIZATION_LEVEL = 0;
				GCC_PREPROCESSOR_DEFINITIONS = (
					"DEBUG=1",
					"$(inherited)",
				);
				GCC_WARN_64_TO_32_BIT_CONVERSION = YES;
				GCC_WARN_ABOUT_RETURN_TYPE = YES_ERROR;
				GCC_WARN_UNDECLARED_SELECTOR = YES;
				GCC_WARN_UNINITIALIZED_AUTOS = YES_AGGRESSIVE;
				GCC_WARN_UNUSED_FUNCTION = YES;
				GCC_WARN_UNUSED_VARIABLE = YES;
				IPHONEOS_DEPLOYMENT_TARGET = 11.0;
				MTL_ENABLE_DEBUG_INFO = YES;
				ONLY_ACTIVE_ARCH = YES;
				SDKROOT = iphoneos;
				SWIFT_ACTIVE_COMPILATION_CONDITIONS = DEBUG;
				SWIFT_OPTIMIZATION_LEVEL = "-Onone";
			};
			name = Debug;
		};
		2479F0A41FB98AAD00FDE06D /* Release */ = {
			isa = XCBuildConfiguration;
			buildSettings = {
				ALWAYS_SEARCH_USER_PATHS = NO;
				CLANG_ANALYZER_NONNULL = YES;
				CLANG_ANALYZER_NUMBER_OBJECT_CONVERSION = YES_AGGRESSIVE;
				CLANG_CXX_LANGUAGE_STANDARD = "gnu++14";
				CLANG_CXX_LIBRARY = "libc++";
				CLANG_ENABLE_MODULES = YES;
				CLANG_ENABLE_OBJC_ARC = YES;
				CLANG_WARN_BLOCK_CAPTURE_AUTORELEASING = YES;
				CLANG_WARN_BOOL_CONVERSION = YES;
				CLANG_WARN_COMMA = YES;
				CLANG_WARN_CONSTANT_CONVERSION = YES;
				CLANG_WARN_DIRECT_OBJC_ISA_USAGE = YES_ERROR;
				CLANG_WARN_DOCUMENTATION_COMMENTS = YES;
				CLANG_WARN_EMPTY_BODY = YES;
				CLANG_WARN_ENUM_CONVERSION = YES;
				CLANG_WARN_INFINITE_RECURSION = YES;
				CLANG_WARN_INT_CONVERSION = YES;
				CLANG_WARN_NON_LITERAL_NULL_CONVERSION = YES;
				CLANG_WARN_OBJC_LITERAL_CONVERSION = YES;
				CLANG_WARN_OBJC_ROOT_CLASS = YES_ERROR;
				CLANG_WARN_RANGE_LOOP_ANALYSIS = YES;
				CLANG_WARN_STRICT_PROTOTYPES = YES;
				CLANG_WARN_SUSPICIOUS_MOVE = YES;
				CLANG_WARN_UNGUARDED_AVAILABILITY = YES_AGGRESSIVE;
				CLANG_WARN_UNREACHABLE_CODE = YES;
				CLANG_WARN__DUPLICATE_METHOD_MATCH = YES;
				CODE_SIGN_IDENTITY = "iPhone Developer";
				COPY_PHASE_STRIP = NO;
				DEBUG_INFORMATION_FORMAT = "dwarf-with-dsym";
				ENABLE_NS_ASSERTIONS = NO;
				ENABLE_STRICT_OBJC_MSGSEND = YES;
				GCC_C_LANGUAGE_STANDARD = gnu11;
				GCC_NO_COMMON_BLOCKS = YES;
				GCC_WARN_64_TO_32_BIT_CONVERSION = YES;
				GCC_WARN_ABOUT_RETURN_TYPE = YES_ERROR;
				GCC_WARN_UNDECLARED_SELECTOR = YES;
				GCC_WARN_UNINITIALIZED_AUTOS = YES_AGGRESSIVE;
				GCC_WARN_UNUSED_FUNCTION = YES;
				GCC_WARN_UNUSED_VARIABLE = YES;
				IPHONEOS_DEPLOYMENT_TARGET = 11.0;
				MTL_ENABLE_DEBUG_INFO = NO;
				SDKROOT = iphoneos;
				SWIFT_OPTIMIZATION_LEVEL = "-Owholemodule";
				VALIDATE_PRODUCT = YES;
			};
			name = Release;
		};
		2479F0A61FB98AAD00FDE06D /* Debug */ = {
			isa = XCBuildConfiguration;
			buildSettings = {
				ASSETCATALOG_COMPILER_APPICON_NAME = AppIcon;
				CODE_SIGN_STYLE = Automatic;
				INFOPLIST_FILE = LimitTextLength/Info.plist;
				LD_RUNPATH_SEARCH_PATHS = "$(inherited) @executable_path/Frameworks";
				PRODUCT_BUNDLE_IDENTIFIER = com.iosRevisited.LimitTextLength;
				PRODUCT_NAME = "$(TARGET_NAME)";
				SWIFT_VERSION = 4.0;
				TARGETED_DEVICE_FAMILY = "1,2";
			};
			name = Debug;
		};
		2479F0A71FB98AAD00FDE06D /* Release */ = {
			isa = XCBuildConfiguration;
			buildSettings = {
				ASSETCATALOG_COMPILER_APPICON_NAME = AppIcon;
				CODE_SIGN_STYLE = Automatic;
				INFOPLIST_FILE = LimitTextLength/Info.plist;
				LD_RUNPATH_SEARCH_PATHS = "$(inherited) @executable_path/Frameworks";
				PRODUCT_BUNDLE_IDENTIFIER = com.iosRevisited.LimitTextLength;
				PRODUCT_NAME = "$(TARGET_NAME)";
				SWIFT_VERSION = 4.0;
				TARGETED_DEVICE_FAMILY = "1,2";
			};
			name = Release;
		};
		2479F0A91FB98AAD00FDE06D /* Debug */ = {
			isa = XCBuildConfiguration;
			buildSettings = {
				ALWAYS_EMBED_SWIFT_STANDARD_LIBRARIES = YES;
				BUNDLE_LOADER = "$(TEST_HOST)";
				CODE_SIGN_STYLE = Automatic;
				INFOPLIST_FILE = LimitTextLengthTests/Info.plist;
				LD_RUNPATH_SEARCH_PATHS = "$(inherited) @executable_path/Frameworks @loader_path/Frameworks";
				PRODUCT_BUNDLE_IDENTIFIER = com.iosRevisited.LimitTextLengthTests;
				PRODUCT_NAME = "$(TARGET_NAME)";
				SWIFT_VERSION = 4.0;
				TARGETED_DEVICE_FAMILY = "1,2";
				TEST_HOST = "$(BUILT_PRODUCTS_DIR)/LimitTextLength.app/LimitTextLength";
			};
			name = Debug;
		};
		2479F0AA1FB98AAD00FDE06D /* Release */ = {
			isa = XCBuildConfiguration;
			buildSettings = {
				ALWAYS_EMBED_SWIFT_STANDARD_LIBRARIES = YES;
				BUNDLE_LOADER = "$(TEST_HOST)";
				CODE_SIGN_STYLE = Automatic;
				INFOPLIST_FILE = LimitTextLengthTests/Info.plist;
				LD_RUNPATH_SEARCH_PATHS = "$(inherited) @executable_path/Frameworks @loader_path/Frameworks";
				PRODUCT_BUNDLE_IDENTIFIER = com.iosRevisited.LimitTextLengthTests;
				PRODUCT_NAME = "$(TARGET_NAME)";
				SWIFT_VERSION = 4.0;
				TARGETED_DEVICE_FAMILY = "1,2";
				TEST_HOST = "$(BUILT_PRODUCTS_DIR)/LimitTextLength.app/LimitTextLength";
			};
			name = Release;
		};
		2479F0AC1FB98AAD00FDE06D /* Debug */ = {
			isa = XCBuildConfiguration;
			buildSettings = {
				ALWAYS_EMBED_SWIFT_STANDARD_LIBRARIES = YES;
				CODE_SIGN_STYLE = Automatic;
				INFOPLIST_FILE = LimitTextLengthUITests/Info.plist;
				LD_RUNPATH_SEARCH_PATHS = "$(inherited) @executable_path/Frameworks @loader_path/Frameworks";
				PRODUCT_BUNDLE_IDENTIFIER = com.iosRevisited.LimitTextLengthUITests;
				PRODUCT_NAME = "$(TARGET_NAME)";
				SWIFT_VERSION = 4.0;
				TARGETED_DEVICE_FAMILY = "1,2";
				TEST_TARGET_NAME = LimitTextLength;
			};
			name = Debug;
		};
		2479F0AD1FB98AAD00FDE06D /* Release */ = {
			isa = XCBuildConfiguration;
			buildSettings = {
				ALWAYS_EMBED_SWIFT_STANDARD_LIBRARIES = YES;
				CODE_SIGN_STYLE = Automatic;
				INFOPLIST_FILE = LimitTextLengthUITests/Info.plist;
				LD_RUNPATH_SEARCH_PATHS = "$(inherited) @executable_path/Frameworks @loader_path/Frameworks";
				PRODUCT_BUNDLE_IDENTIFIER = com.iosRevisited.LimitTextLengthUITests;
				PRODUCT_NAME = "$(TARGET_NAME)";
				SWIFT_VERSION = 4.0;
				TARGETED_DEVICE_FAMILY = "1,2";
				TEST_TARGET_NAME = LimitTextLength;
			};
			name = Release;
		};
/* End XCBuildConfiguration section */

/* Begin XCConfigurationList section */
		2479F0781FB98AAB00FDE06D /* Build configuration list for PBXProject "LimitTextLength" */ = {
			isa = XCConfigurationList;
			buildConfigurations = (
				2479F0A31FB98AAD00FDE06D /* Debug */,
				2479F0A41FB98AAD00FDE06D /* Release */,
			);
			defaultConfigurationIsVisible = 0;
			defaultConfigurationName = Release;
		};
		2479F0A51FB98AAD00FDE06D /* Build configuration list for PBXNativeTarget "LimitTextLength" */ = {
			isa = XCConfigurationList;
			buildConfigurations = (
				2479F0A61FB98AAD00FDE06D /* Debug */,
				2479F0A71FB98AAD00FDE06D /* Release */,
			);
			defaultConfigurationIsVisible = 0;
			defaultConfigurationName = Release;
		};
		2479F0A81FB98AAD00FDE06D /* Build configuration list for PBXNativeTarget "LimitTextLengthTests" */ = {
			isa = XCConfigurationList;
			buildConfigurations = (
				2479F0A91FB98AAD00FDE06D /* Debug */,
				2479F0AA1FB98AAD00FDE06D /* Release */,
			);
			defaultConfigurationIsVisible = 0;
			defaultConfigurationName = Release;
		};
		2479F0AB1FB98AAD00FDE06D /* Build configuration list for PBXNativeTarget "LimitTextLengthUITests" */ = {
			isa = XCConfigurationList;
			buildConfigurations = (
				2479F0AC1FB98AAD00FDE06D /* Debug */,
				2479F0AD1FB98AAD00FDE06D /* Release */,
			);
			defaultConfigurationIsVisible = 0;
			defaultConfigurationName = Release;
		};
/* End XCConfigurationList section */
	};
	rootObject = 2479F0751FB98AAB00FDE06D /* Project object */;
}
